
Microsoft Visual Studio Solution File, Format Version 12.00
# Visual Studio Version 16
VisualStudioVersion = 16.0.30717.126
MinimumVisualStudioVersion = 10.0.40219.1
Project("{FAE04EC0-301F-11D3-BF4B-00C04F79EFBC}") = "SCP-999", "SCP-999\SCP-999.csproj", "{01A39A4B-25CE-4040-9AE0-0ECD5DE75DCC}"
EndProject
Global
	GlobalSection(SolutionConfigurationPlatforms) = preSolution
		Debug|Any CPU = Debug|Any CPU
		Release|Any CPU = Release|Any CPU
	EndGlobalSection
	GlobalSection(ProjectConfigurationPlatforms) = postSolution
		{01A39A4B-25CE-4040-9AE0-0ECD5DE75DCC}.Debug|Any CPU.ActiveCfg = Debug|Any CPU
		{01A39A4B-25CE-4040-9AE0-0ECD5DE75DCC}.Debug|Any CPU.Build.0 = Debug|Any CPU
		{01A39A4B-25CE-4040-9AE0-0ECD5DE75DCC}.Release|Any CPU.ActiveCfg = Release|Any CPU
		{01A39A4B-25CE-4040-9AE0-0ECD5DE75DCC}.Release|Any CPU.Build.0 = Release|Any CPU
	EndGlobalSection
	GlobalSection(SolutionProperties) = preSolution
		HideSolutionNode = FALSE
	EndGlobalSection
	GlobalSection(ExtensibilityGlobals) = postSolution
		SolutionGuid = {F86078B2-DACA-416D-81AB-3CCD65BE29DE}
	EndGlobalSection
EndGlobal
